<?xml version="1.0" encoding="utf-8"?>
<Project ToolsVersion="4.0" xmlns="http://schemas.microsoft.com/developer/msbuild/2003">
  <ItemGroup>
    <Filter Include="ソース ファイル">
      <UniqueIdentifier>{4FC737F1-C7A5-4376-A066-2A32D752A2FF}</UniqueIdentifier>
      <Extensions>cpp;c;cc;cxx;def;odl;idl;hpj;bat;asm;asmx</Extensions>
    </Filter>
    <Filter Include="ソース ファイル\structure">
      <UniqueIdentifier>{840e624d-9e26-4ebc-b1da-bf1ab37fd714}</UniqueIdentifier>
    </Filter>
    <Filter Include="ソース ファイル\util">
      <UniqueIdentifier>{bf57abd9-8435-40b8-8ea7-22b9aeeac247}</UniqueIdentifier>
    </Filter>
    <Filter Include="ソース ファイル\detection_thread">
      <UniqueIdentifier>{d73e5062-de3f-4cb4-9ff0-d7486a0be71f}</UniqueIdentifier>
    </Filter>
    <Filter Include="ソース ファイル\network">
      <UniqueIdentifier>{2ad05be0-c2f3-463d-b2ea-3182e5479860}</UniqueIdentifier>
    </Filter>
    <Filter Include="ヘッダー ファイル">
      <UniqueIdentifier>{93995380-89BD-4b04-88EB-625FBE52EBFB}</UniqueIdentifier>
      <Extensions>h;hpp;hxx;hm;inl;inc;xsd</Extensions>
    </Filter>
    <Filter Include="リソース ファイル">
      <UniqueIdentifier>{67DA6AB6-F800-4c08-8B7A-83BB121AAD01}</UniqueIdentifier>
      <Extensions>rc;ico;cur;bmp;dlg;rc2;rct;bin;rgs;gif;jpg;jpeg;jpe;resx;tiff;tif;png;wav</Extensions>
    </Filter>
    <Filter Include="test">
      <UniqueIdentifier>{94f36e61-4b45-4006-a1ef-f0b3182eb962}</UniqueIdentifier>
    </Filter>
    <Filter Include="ml">
      <UniqueIdentifier>{d50a8ffc-5ab7-43da-a8ba-eea60736c101}</UniqueIdentifier>
    </Filter>
    <Filter Include="images">
      <UniqueIdentifier>{9bb70d2f-b5a5-4817-ae5e-5a2689393b91}</UniqueIdentifier>
    </Filter>
  </ItemGroup>
  <ItemGroup>
    <ClCompile Include="main.cpp">
      <Filter>ソース ファイル</Filter>
    </ClCompile>
    <ClCompile Include="HeadData.cpp">
      <Filter>ソース ファイル\structure</Filter>
    </ClCompile>
    <ClCompile Include="HeadPose.cpp">
      <Filter>ソース ファイル\structure</Filter>
    </ClCompile>
    <ClCompile Include="FileUtils.cpp">
      <Filter>ソース ファイル\util</Filter>
    </ClCompile>
    <ClCompile Include="ImageUtils.cpp">
      <Filter>ソース ファイル\util</Filter>
    </ClCompile>
    <ClCompile Include="PersonDetectionLoop.cpp">
      <Filter>ソース ファイル\detection_thread</Filter>
    </ClCompile>
    <ClCompile Include="SocketClient.cpp">
      <Filter>ソース ファイル\network</Filter>
    </ClCompile>
    <ClCompile Include="CLEyeCameraCapture.cpp">
      <Filter>ソース ファイル\detection_thread</Filter>
    </ClCompile>
    <ClCompile Include="InfraredPersonDetectionLoop.cpp">
      <Filter>ソース ファイル\detection_thread</Filter>
    </ClCompile>
    <ClCompile Include="SerialAdapter.cpp">
      <Filter>ソース ファイル\util</Filter>
    </ClCompile>
    <ClCompile Include="BookObserver.cpp">
      <Filter>ソース ファイル\detection_thread</Filter>
    </ClCompile>
    <ClCompile Include="getviewpoint.cpp">
      <Filter>ソース ファイル\detection_thread</Filter>
    </ClCompile>
  </ItemGroup>
  <ItemGroup>
    <ClInclude Include="detection_thread.h">
      <Filter>ヘッダー ファイル</Filter>
    </ClInclude>
    <ClInclude Include="network.h">
      <Filter>ヘッダー ファイル</Filter>
    </ClInclude>
    <ClInclude Include="structure.h">
      <Filter>ヘッダー ファイル</Filter>
    </ClInclude>
    <ClInclude Include="util.h">
      <Filter>ヘッダー ファイル</Filter>
    </ClInclude>
    <ClInclude Include="targetver.h">
      <Filter>ヘッダー ファイル</Filter>
    </ClInclude>
    <ClInclude Include="getviewpoint.h">
      <Filter>ヘッダー ファイル</Filter>
    </ClInclude>
  </ItemGroup>
  <ItemGroup>
    <None Include="moulin_photo02.jpg">
      <Filter>リソース ファイル</Filter>
    </None>
    <None Include="moulin_photo03.jpg">
      <Filter>リソース ファイル</Filter>
    </None>
    <None Include="featurepoints.txt">
      <Filter>test</Filter>
    </None>
    <None Include="rtrees.xml">
      <Filter>ml</Filter>
    </None>
    <None Include="mask.png">
      <Filter>images</Filter>
    </None>
    <None Include="maskA.png">
      <Filter>images</Filter>
    </None>
    <None Include="moulin_photo01.jpg">
      <Filter>images</Filter>
    </None>
    <None Include="Readme.txt" />
  </ItemGroup>
  <ItemGroup>
    <CustomBuild Include="face_0000.jpg">
      <Filter>test</Filter>
    </CustomBuild>
  </ItemGroup>
</Project>