
Microsoft Visual Studio Solution File, Format Version 11.00
# Visual Studio 2010
Project("{FAE04EC0-301F-11D3-BF4B-00C04F79EFBC}") = "Capture", "HaarTraining\Capture.csproj", "{9739E4AD-89E4-4FE6-8AAF-420FA977AD5B}"
EndProject
Project("{FAE04EC0-301F-11D3-BF4B-00C04F79EFBC}") = "Labelling", "Labeling\Labelling.csproj", "{4FEAA9C7-67BA-4CE1-9CBB-724D64CA51D5}"
EndProject
Project("{FAE04EC0-301F-11D3-BF4B-00C04F79EFBC}") = "FeatureExtraction", "FeatureExtraction\FeatureExtraction.csproj", "{E2ED9FFC-258B-4DB3-9B43-4EF82AFE8BC7}"
EndProject
Project("{54435603-DBB4-11D2-8724-00A0C9A8B90C}") = "Setup", "Setup\Setup.vdproj", "{55B7D6B2-F9E7-4F46-B9F0-87B27055987A}"
EndProject
Project("{FAE04EC0-301F-11D3-BF4B-00C04F79EFBC}") = "Scraping", "Scraper\Scraping.csproj", "{82357FCB-5B7E-41CA-BFD0-4FCD7AE09F4C}"
EndProject
Project("{FAE04EC0-301F-11D3-BF4B-00C04F79EFBC}") = "DataVariation", "DataVariation\DataVariation.csproj", "{A0C7297F-A64B-4E05-9294-DEB4BDD298F0}"
EndProject
Project("{FAE04EC0-301F-11D3-BF4B-00C04F79EFBC}") = "TestProject", "TestProject\TestProject.csproj", "{0BB5D1C5-8B0C-4830-B7FF-7739D7A085C0}"
EndProject
Project("{2150E333-8FDC-42A3-9474-1A3956D46DE8}") = "Solution Items", "Solution Items", "{25BEF422-CDFE-49F8-87E2-328240F0A8B5}"
	ProjectSection(SolutionItems) = preProject
		Local.testsettings = Local.testsettings
		TraceAndTestImpact.testsettings = TraceAndTestImpact.testsettings
		TrainingUtil.vsmdi = TrainingUtil.vsmdi
	EndProjectSection
EndProject
Project("{FAE04EC0-301F-11D3-BF4B-00C04F79EFBC}") = "FeatureExtractionTest", "FeatureExtractionTest\FeatureExtractionTest.csproj", "{66B4B90F-00FB-460D-AD29-85A02DD1C81D}"
EndProject
Global
	GlobalSection(SubversionScc) = preSolution
		Svn-Managed = True
		Manager = AnkhSVN - Subversion Support for Visual Studio
	EndGlobalSection
	GlobalSection(TestCaseManagementSettings) = postSolution
		CategoryFile = TrainingUtil.vsmdi
	EndGlobalSection
	GlobalSection(SolutionConfigurationPlatforms) = preSolution
		Debug|Any CPU = Debug|Any CPU
		Debug|Mixed Platforms = Debug|Mixed Platforms
		Debug|Win32 = Debug|Win32
		Debug|x86 = Debug|x86
		Release|Any CPU = Release|Any CPU
		Release|Mixed Platforms = Release|Mixed Platforms
		Release|Win32 = Release|Win32
		Release|x86 = Release|x86
	EndGlobalSection
	GlobalSection(ProjectConfigurationPlatforms) = postSolution
		{9739E4AD-89E4-4FE6-8AAF-420FA977AD5B}.Debug|Any CPU.ActiveCfg = Debug|Any CPU
		{9739E4AD-89E4-4FE6-8AAF-420FA977AD5B}.Debug|Any CPU.Build.0 = Debug|Any CPU
		{9739E4AD-89E4-4FE6-8AAF-420FA977AD5B}.Debug|Mixed Platforms.ActiveCfg = Debug|Any CPU
		{9739E4AD-89E4-4FE6-8AAF-420FA977AD5B}.Debug|Mixed Platforms.Build.0 = Debug|Any CPU
		{9739E4AD-89E4-4FE6-8AAF-420FA977AD5B}.Debug|Win32.ActiveCfg = Debug|Any CPU
		{9739E4AD-89E4-4FE6-8AAF-420FA977AD5B}.Debug|x86.ActiveCfg = Debug|Any CPU
		{9739E4AD-89E4-4FE6-8AAF-420FA977AD5B}.Release|Any CPU.ActiveCfg = Release|Any CPU
		{9739E4AD-89E4-4FE6-8AAF-420FA977AD5B}.Release|Any CPU.Build.0 = Release|Any CPU
		{9739E4AD-89E4-4FE6-8AAF-420FA977AD5B}.Release|Mixed Platforms.ActiveCfg = Release|Any CPU
		{9739E4AD-89E4-4FE6-8AAF-420FA977AD5B}.Release|Mixed Platforms.Build.0 = Release|Any CPU
		{9739E4AD-89E4-4FE6-8AAF-420FA977AD5B}.Release|Win32.ActiveCfg = Release|Any CPU
		{9739E4AD-89E4-4FE6-8AAF-420FA977AD5B}.Release|x86.ActiveCfg = Release|Any CPU
		{4FEAA9C7-67BA-4CE1-9CBB-724D64CA51D5}.Debug|Any CPU.ActiveCfg = Debug|Any CPU
		{4FEAA9C7-67BA-4CE1-9CBB-724D64CA51D5}.Debug|Any CPU.Build.0 = Debug|Any CPU
		{4FEAA9C7-67BA-4CE1-9CBB-724D64CA51D5}.Debug|Mixed Platforms.ActiveCfg = Debug|Any CPU
		{4FEAA9C7-67BA-4CE1-9CBB-724D64CA51D5}.Debug|Mixed Platforms.Build.0 = Debug|Any CPU
		{4FEAA9C7-67BA-4CE1-9CBB-724D64CA51D5}.Debug|Win32.ActiveCfg = Debug|Any CPU
		{4FEAA9C7-67BA-4CE1-9CBB-724D64CA51D5}.Debug|x86.ActiveCfg = Debug|Any CPU
		{4FEAA9C7-67BA-4CE1-9CBB-724D64CA51D5}.Release|Any CPU.ActiveCfg = Release|Any CPU
		{4FEAA9C7-67BA-4CE1-9CBB-724D64CA51D5}.Release|Any CPU.Build.0 = Release|Any CPU
		{4FEAA9C7-67BA-4CE1-9CBB-724D64CA51D5}.Release|Mixed Platforms.ActiveCfg = Release|Any CPU
		{4FEAA9C7-67BA-4CE1-9CBB-724D64CA51D5}.Release|Mixed Platforms.Build.0 = Release|Any CPU
		{4FEAA9C7-67BA-4CE1-9CBB-724D64CA51D5}.Release|Win32.ActiveCfg = Release|Any CPU
		{4FEAA9C7-67BA-4CE1-9CBB-724D64CA51D5}.Release|x86.ActiveCfg = Release|Any CPU
		{E2ED9FFC-258B-4DB3-9B43-4EF82AFE8BC7}.Debug|Any CPU.ActiveCfg = Debug|x86
		{E2ED9FFC-258B-4DB3-9B43-4EF82AFE8BC7}.Debug|Mixed Platforms.ActiveCfg = Debug|x86
		{E2ED9FFC-258B-4DB3-9B43-4EF82AFE8BC7}.Debug|Mixed Platforms.Build.0 = Debug|x86
		{E2ED9FFC-258B-4DB3-9B43-4EF82AFE8BC7}.Debug|Win32.ActiveCfg = Debug|x86
		{E2ED9FFC-258B-4DB3-9B43-4EF82AFE8BC7}.Debug|x86.ActiveCfg = Debug|x86
		{E2ED9FFC-258B-4DB3-9B43-4EF82AFE8BC7}.Debug|x86.Build.0 = Debug|x86
		{E2ED9FFC-258B-4DB3-9B43-4EF82AFE8BC7}.Release|Any CPU.ActiveCfg = Release|x86
		{E2ED9FFC-258B-4DB3-9B43-4EF82AFE8BC7}.Release|Mixed Platforms.ActiveCfg = Release|x86
		{E2ED9FFC-258B-4DB3-9B43-4EF82AFE8BC7}.Release|Mixed Platforms.Build.0 = Release|x86
		{E2ED9FFC-258B-4DB3-9B43-4EF82AFE8BC7}.Release|Win32.ActiveCfg = Release|x86
		{E2ED9FFC-258B-4DB3-9B43-4EF82AFE8BC7}.Release|x86.ActiveCfg = Release|x86
		{E2ED9FFC-258B-4DB3-9B43-4EF82AFE8BC7}.Release|x86.Build.0 = Release|x86
		{55B7D6B2-F9E7-4F46-B9F0-87B27055987A}.Debug|Any CPU.ActiveCfg = Debug
		{55B7D6B2-F9E7-4F46-B9F0-87B27055987A}.Debug|Mixed Platforms.ActiveCfg = Debug
		{55B7D6B2-F9E7-4F46-B9F0-87B27055987A}.Debug|Mixed Platforms.Build.0 = Debug
		{55B7D6B2-F9E7-4F46-B9F0-87B27055987A}.Debug|Win32.ActiveCfg = Debug
		{55B7D6B2-F9E7-4F46-B9F0-87B27055987A}.Debug|Win32.Build.0 = Debug
		{55B7D6B2-F9E7-4F46-B9F0-87B27055987A}.Debug|x86.ActiveCfg = Debug
		{55B7D6B2-F9E7-4F46-B9F0-87B27055987A}.Release|Any CPU.ActiveCfg = Release
		{55B7D6B2-F9E7-4F46-B9F0-87B27055987A}.Release|Mixed Platforms.ActiveCfg = Release
		{55B7D6B2-F9E7-4F46-B9F0-87B27055987A}.Release|Mixed Platforms.Build.0 = Release
		{55B7D6B2-F9E7-4F46-B9F0-87B27055987A}.Release|Win32.ActiveCfg = Release
		{55B7D6B2-F9E7-4F46-B9F0-87B27055987A}.Release|Win32.Build.0 = Release
		{55B7D6B2-F9E7-4F46-B9F0-87B27055987A}.Release|x86.ActiveCfg = Release
		{82357FCB-5B7E-41CA-BFD0-4FCD7AE09F4C}.Debug|Any CPU.ActiveCfg = Debug|x86
		{82357FCB-5B7E-41CA-BFD0-4FCD7AE09F4C}.Debug|Mixed Platforms.ActiveCfg = Debug|x86
		{82357FCB-5B7E-41CA-BFD0-4FCD7AE09F4C}.Debug|Mixed Platforms.Build.0 = Debug|x86
		{82357FCB-5B7E-41CA-BFD0-4FCD7AE09F4C}.Debug|Win32.ActiveCfg = Debug|x86
		{82357FCB-5B7E-41CA-BFD0-4FCD7AE09F4C}.Debug|x86.ActiveCfg = Debug|x86
		{82357FCB-5B7E-41CA-BFD0-4FCD7AE09F4C}.Debug|x86.Build.0 = Debug|x86
		{82357FCB-5B7E-41CA-BFD0-4FCD7AE09F4C}.Release|Any CPU.ActiveCfg = Release|x86
		{82357FCB-5B7E-41CA-BFD0-4FCD7AE09F4C}.Release|Mixed Platforms.ActiveCfg = Release|x86
		{82357FCB-5B7E-41CA-BFD0-4FCD7AE09F4C}.Release|Mixed Platforms.Build.0 = Release|x86
		{82357FCB-5B7E-41CA-BFD0-4FCD7AE09F4C}.Release|Win32.ActiveCfg = Release|x86
		{82357FCB-5B7E-41CA-BFD0-4FCD7AE09F4C}.Release|x86.ActiveCfg = Release|x86
		{82357FCB-5B7E-41CA-BFD0-4FCD7AE09F4C}.Release|x86.Build.0 = Release|x86
		{A0C7297F-A64B-4E05-9294-DEB4BDD298F0}.Debug|Any CPU.ActiveCfg = Debug|x86
		{A0C7297F-A64B-4E05-9294-DEB4BDD298F0}.Debug|Mixed Platforms.ActiveCfg = Debug|x86
		{A0C7297F-A64B-4E05-9294-DEB4BDD298F0}.Debug|Mixed Platforms.Build.0 = Debug|x86
		{A0C7297F-A64B-4E05-9294-DEB4BDD298F0}.Debug|Win32.ActiveCfg = Debug|x86
		{A0C7297F-A64B-4E05-9294-DEB4BDD298F0}.Debug|x86.ActiveCfg = Debug|x86
		{A0C7297F-A64B-4E05-9294-DEB4BDD298F0}.Debug|x86.Build.0 = Debug|x86
		{A0C7297F-A64B-4E05-9294-DEB4BDD298F0}.Release|Any CPU.ActiveCfg = Release|x86
		{A0C7297F-A64B-4E05-9294-DEB4BDD298F0}.Release|Mixed Platforms.ActiveCfg = Release|x86
		{A0C7297F-A64B-4E05-9294-DEB4BDD298F0}.Release|Mixed Platforms.Build.0 = Release|x86
		{A0C7297F-A64B-4E05-9294-DEB4BDD298F0}.Release|Win32.ActiveCfg = Release|x86
		{A0C7297F-A64B-4E05-9294-DEB4BDD298F0}.Release|x86.ActiveCfg = Release|x86
		{A0C7297F-A64B-4E05-9294-DEB4BDD298F0}.Release|x86.Build.0 = Release|x86
		{0BB5D1C5-8B0C-4830-B7FF-7739D7A085C0}.Debug|Any CPU.ActiveCfg = Debug|Any CPU
		{0BB5D1C5-8B0C-4830-B7FF-7739D7A085C0}.Debug|Any CPU.Build.0 = Debug|Any CPU
		{0BB5D1C5-8B0C-4830-B7FF-7739D7A085C0}.Debug|Mixed Platforms.ActiveCfg = Debug|Any CPU
		{0BB5D1C5-8B0C-4830-B7FF-7739D7A085C0}.Debug|Mixed Platforms.Build.0 = Debug|Any CPU
		{0BB5D1C5-8B0C-4830-B7FF-7739D7A085C0}.Debug|Win32.ActiveCfg = Debug|Any CPU
		{0BB5D1C5-8B0C-4830-B7FF-7739D7A085C0}.Debug|x86.ActiveCfg = Debug|Any CPU
		{0BB5D1C5-8B0C-4830-B7FF-7739D7A085C0}.Release|Any CPU.ActiveCfg = Release|Any CPU
		{0BB5D1C5-8B0C-4830-B7FF-7739D7A085C0}.Release|Any CPU.Build.0 = Release|Any CPU
		{0BB5D1C5-8B0C-4830-B7FF-7739D7A085C0}.Release|Mixed Platforms.ActiveCfg = Release|Any CPU
		{0BB5D1C5-8B0C-4830-B7FF-7739D7A085C0}.Release|Mixed Platforms.Build.0 = Release|Any CPU
		{0BB5D1C5-8B0C-4830-B7FF-7739D7A085C0}.Release|Win32.ActiveCfg = Release|Any CPU
		{0BB5D1C5-8B0C-4830-B7FF-7739D7A085C0}.Release|x86.ActiveCfg = Release|Any CPU
		{66B4B90F-00FB-460D-AD29-85A02DD1C81D}.Debug|Any CPU.ActiveCfg = Debug|Any CPU
		{66B4B90F-00FB-460D-AD29-85A02DD1C81D}.Debug|Any CPU.Build.0 = Debug|Any CPU
		{66B4B90F-00FB-460D-AD29-85A02DD1C81D}.Debug|Mixed Platforms.ActiveCfg = Debug|Any CPU
		{66B4B90F-00FB-460D-AD29-85A02DD1C81D}.Debug|Mixed Platforms.Build.0 = Debug|Any CPU
		{66B4B90F-00FB-460D-AD29-85A02DD1C81D}.Debug|Win32.ActiveCfg = Debug|Any CPU
		{66B4B90F-00FB-460D-AD29-85A02DD1C81D}.Debug|x86.ActiveCfg = Debug|Any CPU
		{66B4B90F-00FB-460D-AD29-85A02DD1C81D}.Release|Any CPU.ActiveCfg = Release|Any CPU
		{66B4B90F-00FB-460D-AD29-85A02DD1C81D}.Release|Any CPU.Build.0 = Release|Any CPU
		{66B4B90F-00FB-460D-AD29-85A02DD1C81D}.Release|Mixed Platforms.ActiveCfg = Release|Any CPU
		{66B4B90F-00FB-460D-AD29-85A02DD1C81D}.Release|Mixed Platforms.Build.0 = Release|Any CPU
		{66B4B90F-00FB-460D-AD29-85A02DD1C81D}.Release|Win32.ActiveCfg = Release|Any CPU
		{66B4B90F-00FB-460D-AD29-85A02DD1C81D}.Release|x86.ActiveCfg = Release|Any CPU
	EndGlobalSection
	GlobalSection(SolutionProperties) = preSolution
		HideSolutionNode = FALSE
	EndGlobalSection
EndGlobal
